
Microsoft Visual Studio Solution File, Format Version 12.00
# Visual Studio 2012
Project("{FAE04EC0-301F-11D3-BF4B-00C04F79EFBC}") = "AirplaneModeProof.Api", "AirplaneModeProof.Api\AirplaneModeProof.Api.csproj", "{7974901A-2523-474E-A0D5-BB9D43C6114F}"
EndProject
Global
	GlobalSection(SolutionConfigurationPlatforms) = preSolution
		Debug|Any CPU = Debug|Any CPU
		Release|Any CPU = Release|Any CPU
	EndGlobalSection
	GlobalSection(ProjectConfigurationPlatforms) = postSolution
		{7974901A-2523-474E-A0D5-BB9D43C6114F}.Debug|Any CPU.ActiveCfg = Debug|Any CPU
		{7974901A-2523-474E-A0D5-BB9D43C6114F}.Debug|Any CPU.Build.0 = Debug|Any CPU
		{7974901A-2523-474E-A0D5-BB9D43C6114F}.Release|Any CPU.ActiveCfg = Release|Any CPU
		{7974901A-2523-474E-A0D5-BB9D43C6114F}.Release|Any CPU.Build.0 = Release|Any CPU
	EndGlobalSection
EndGlobal
